
Microsoft Visual Studio Solution File, Format Version 12.00
# Visual Studio Version 17
VisualStudioVersion = 17.3.32922.545
MinimumVisualStudioVersion = 10.0.40219.1
Project("{FAE04EC0-301F-11D3-BF4B-00C04F79EFBC}") = "RazorInputForm", "RazorInputForm.csproj", "{C3E1E7E5-5C0A-4204-804C-2B2B10D9A2EB}"
EndProject
Global
	GlobalSection(SolutionConfigurationPlatforms) = preSolution
		Debug|Any CPU = Debug|Any CPU
		Release|Any CPU = Release|Any CPU
	EndGlobalSection
	GlobalSection(ProjectConfigurationPlatforms) = postSolution
		{C3E1E7E5-5C0A-4204-804C-2B2B10D9A2EB}.Debug|Any CPU.ActiveCfg = Debug|Any CPU
		{C3E1E7E5-5C0A-4204-804C-2B2B10D9A2EB}.Debug|Any CPU.Build.0 = Debug|Any CPU
		{C3E1E7E5-5C0A-4204-804C-2B2B10D9A2EB}.Release|Any CPU.ActiveCfg = Release|Any CPU
		{C3E1E7E5-5C0A-4204-804C-2B2B10D9A2EB}.Release|Any CPU.Build.0 = Release|Any CPU
	EndGlobalSection
	GlobalSection(SolutionProperties) = preSolution
		HideSolutionNode = FALSE
	EndGlobalSection
	GlobalSection(ExtensibilityGlobals) = postSolution
		SolutionGuid = {908D8790-2EAA-434B-AA71-16305D19B5A3}
	EndGlobalSection
EndGlobal
